# THIS IS AN AUTOGENERATED FILE. DO NOT EDIT THIS FILE DIRECTLY.
# yarn lockfile v1


"@angular/animations@^14.0.0 || ^15.0.0", "@angular/animations@14.2.1":
  "integrity" "sha512-bKIhEgn77pOvM+5t/G9FzL8luhoWl8klfASG/07D5df9M3wCrS1OOBKWpQI3l1ZNRfhmfiwNVxbQatHtjykq+g=="
  "resolved" "https://registry.npmjs.org/@angular/animations/-/animations-14.2.1.tgz"
  "version" "14.2.1"
  dependencies:
    "tslib" "^2.3.0"

"@angular/cdk@14.2.1":
  "integrity" "sha512-saLFOZeyYQ6ELvPYqePsC8yXzDYjrCXGKGLtwAG/1mUlXcVTC0V1c3SabU4JR7Z+Zo1tOmzkWxuUkrw7uvaJHA=="
  "resolved" "https://registry.npmjs.org/@angular/cdk/-/cdk-14.2.1.tgz"
  "version" "14.2.1"
  dependencies:
    "tslib" "^2.3.0"
  optionalDependencies:
    "parse5" "^5.0.0"

"@angular/common@^14.0.0 || ^15.0.0", "@angular/common@14.2.1":
  "integrity" "sha512-7FvYOBrgM9owmJvckC/tyJ9reI3BKXChm7Y2iu0WI94XIrI+FSQ7QYNwahDpcizyYAboVwe5lYXgDRrbzRfkKg=="
  "resolved" "https://registry.npmjs.org/@angular/common/-/common-14.2.1.tgz"
  "version" "14.2.1"
  dependencies:
    "tslib" "^2.3.0"

"@angular/core@^14.0.0 || ^15.0.0", "@angular/core@14.2.1":
  "integrity" "sha512-TTMfunZ6TWaXA7SeWHbJBmJZIW4x48SjXrUIxMQ/PSgq9E/JXgarYDmfn00yyVRJDEGfjqzUW09Wtzc1mOkWLQ=="
  "resolved" "https://registry.npmjs.org/@angular/core/-/core-14.2.1.tgz"
  "version" "14.2.1"
  dependencies:
    "tslib" "^2.3.0"

"@angular/forms@^14.0.0 || ^15.0.0":
  "integrity" "sha512-ZhWDKZtnQ2BmBPNbPS2E/KIn5beQlXDaEc7NplbXr8DfQt1HIt9zbWQS3s5tojG0wkp21WDZwafED7QJNrAAkw=="
  "resolved" "https://registry.npmjs.org/@angular/forms/-/forms-14.2.1.tgz"
  "version" "14.2.1"
  dependencies:
    "tslib" "^2.3.0"

"@angular/material@^14.2.1":
  "integrity" "sha512-e7DkKJTuqrSpKPhxahrqkZt6AeU5ld5/aSeCamq2dcdqfZ8otmgiajzN0cXZGwSCT2Lth6c+QV3yn8ufTJQpTw=="
  "resolved" "https://registry.npmjs.org/@angular/material/-/material-14.2.1.tgz"
  "version" "14.2.1"
  dependencies:
    "tslib" "^2.3.0"

"@angular/platform-browser@^14.0.0 || ^15.0.0", "@angular/platform-browser@14.2.1":
  "integrity" "sha512-itL9b83R3+XeJzRyRZ1CCrXPavlkzM6QSOJfvUMRGB8HZLl9QJRXS1+nI5nPER+nVz6PKTkjPlA9d/1ZrZW5wQ=="
  "resolved" "https://registry.npmjs.org/@angular/platform-browser/-/platform-browser-14.2.1.tgz"
  "version" "14.2.1"
  dependencies:
    "tslib" "^2.3.0"

"parse5@^5.0.0":
  "integrity" "sha512-ugq4DFI0Ptb+WWjAdOK16+u/nHfiIrcE+sh8kZMaM0WllQKLI9rOUq6c2b7cwPkXdzfQESqvoqK6ug7U/Yyzug=="
  "resolved" "https://registry.npmjs.org/parse5/-/parse5-5.1.1.tgz"
  "version" "5.1.1"

"rxjs@^6.5.3 || ^7.4.0":
  "integrity" "sha512-dnyv2/YsXhnm461G+R/Pe5bWP41Nm6LBXEYWI6eiFP4fiwx6WRI/CD0zbdVAudd9xwLEF2IDcKXLHit0FYjUzw=="
  "resolved" "https://registry.npmjs.org/rxjs/-/rxjs-7.5.6.tgz"
  "version" "7.5.6"
  dependencies:
    "tslib" "^2.1.0"

"tslib@^2.1.0", "tslib@^2.3.0":
  "integrity" "sha512-d6xOpEDfsi2CZVlPQzGeux8XMwLT9hssAsaPYExaQMuYskwb+x1x7J371tWlbBdWHroy99KnVB6qIkUbs5X3UQ=="
  "resolved" "https://registry.npmjs.org/tslib/-/tslib-2.4.0.tgz"
  "version" "2.4.0"

"zone.js@~0.11.4":
  "integrity" "sha512-82bctBg2hKcEJ21humWIkXRlLBBmrc3nN7DFh5LGGhcyycO2S7FN8NmdvlcKaGFDNVL4/9kFLmwmInTavdJERA=="
  "resolved" "https://registry.npmjs.org/zone.js/-/zone.js-0.11.8.tgz"
  "version" "0.11.8"
  dependencies:
    "tslib" "^2.3.0"
